
Microsoft Visual Studio Solution File, Format Version 12.00
# Visual Studio 14
VisualStudioVersion = 14.0.25420.1
MinimumVisualStudioVersion = 10.0.40219.1
Project("{FAE04EC0-301F-11D3-BF4B-00C04F79EFBC}") = "ConsoleApps", "ConsoleApps\ConsoleApps.csproj", "{4EFDD906-A0B5-4846-A3C5-3FB5433D9634}"
EndProject
Project("{FAE04EC0-301F-11D3-BF4B-00C04F79EFBC}") = "BuiltInTypes", "BuiltInTypes\BuiltInTypes.csproj", "{0CA683E2-1166-4802-A862-F3E24D33103C}"
EndProject
Project("{FAE04EC0-301F-11D3-BF4B-00C04F79EFBC}") = "Conditionals", "Conditionals\Conditionals.csproj", "{0DF663D3-8E3B-4D9B-856B-6D6C4A912708}"
EndProject
Project("{FAE04EC0-301F-11D3-BF4B-00C04F79EFBC}") = "Collection", "Collection\Collection.csproj", "{5C8BEF41-D608-4167-98EA-19B4E73AF96D}"
EndProject
Project("{FAE04EC0-301F-11D3-BF4B-00C04F79EFBC}") = "Enums", "Enums\Enums.csproj", "{406B6B2B-A33D-4450-AC61-0E305487AC9B}"
EndProject
Global
	GlobalSection(SolutionConfigurationPlatforms) = preSolution
		Debug|Any CPU = Debug|Any CPU
		Release|Any CPU = Release|Any CPU
	EndGlobalSection
	GlobalSection(ProjectConfigurationPlatforms) = postSolution
		{4EFDD906-A0B5-4846-A3C5-3FB5433D9634}.Debug|Any CPU.ActiveCfg = Debug|Any CPU
		{4EFDD906-A0B5-4846-A3C5-3FB5433D9634}.Debug|Any CPU.Build.0 = Debug|Any CPU
		{4EFDD906-A0B5-4846-A3C5-3FB5433D9634}.Release|Any CPU.ActiveCfg = Release|Any CPU
		{4EFDD906-A0B5-4846-A3C5-3FB5433D9634}.Release|Any CPU.Build.0 = Release|Any CPU
		{0CA683E2-1166-4802-A862-F3E24D33103C}.Debug|Any CPU.ActiveCfg = Debug|Any CPU
		{0CA683E2-1166-4802-A862-F3E24D33103C}.Debug|Any CPU.Build.0 = Debug|Any CPU
		{0CA683E2-1166-4802-A862-F3E24D33103C}.Release|Any CPU.ActiveCfg = Release|Any CPU
		{0CA683E2-1166-4802-A862-F3E24D33103C}.Release|Any CPU.Build.0 = Release|Any CPU
		{0DF663D3-8E3B-4D9B-856B-6D6C4A912708}.Debug|Any CPU.ActiveCfg = Debug|Any CPU
		{0DF663D3-8E3B-4D9B-856B-6D6C4A912708}.Debug|Any CPU.Build.0 = Debug|Any CPU
		{0DF663D3-8E3B-4D9B-856B-6D6C4A912708}.Release|Any CPU.ActiveCfg = Release|Any CPU
		{0DF663D3-8E3B-4D9B-856B-6D6C4A912708}.Release|Any CPU.Build.0 = Release|Any CPU
		{5C8BEF41-D608-4167-98EA-19B4E73AF96D}.Debug|Any CPU.ActiveCfg = Debug|Any CPU
		{5C8BEF41-D608-4167-98EA-19B4E73AF96D}.Debug|Any CPU.Build.0 = Debug|Any CPU
		{5C8BEF41-D608-4167-98EA-19B4E73AF96D}.Release|Any CPU.ActiveCfg = Release|Any CPU
		{5C8BEF41-D608-4167-98EA-19B4E73AF96D}.Release|Any CPU.Build.0 = Release|Any CPU
		{406B6B2B-A33D-4450-AC61-0E305487AC9B}.Debug|Any CPU.ActiveCfg = Debug|Any CPU
		{406B6B2B-A33D-4450-AC61-0E305487AC9B}.Debug|Any CPU.Build.0 = Debug|Any CPU
		{406B6B2B-A33D-4450-AC61-0E305487AC9B}.Release|Any CPU.ActiveCfg = Release|Any CPU
		{406B6B2B-A33D-4450-AC61-0E305487AC9B}.Release|Any CPU.Build.0 = Release|Any CPU
	EndGlobalSection
	GlobalSection(SolutionProperties) = preSolution
		HideSolutionNode = FALSE
	EndGlobalSection
EndGlobal
